
Microsoft Visual Studio Solution File, Format Version 12.00
# Visual Studio Version 17
VisualStudioVersion = 17.9.34723.18
MinimumVisualStudioVersion = 10.0.40219.1
Project("{9A19103F-16F7-4668-BE54-9A1E7A4F7556}") = "PlutoWearAndTearTweaks", "PlutoWearAndTearTweaks\PlutoWearAndTearTweaks.csproj", "{D119FC6E-6755-45AD-8FE3-403CC07983D8}"
EndProject
Project("{2150E333-8FDC-42A3-9474-1A3956D46DE8}") = "SolutionItems", "SolutionItems", "{25C8C647-05D7-41FD-A826-8DC9E8B480A3}"
	ProjectSection(SolutionItems) = preProject
		Directory.Build.props = Directory.Build.props
		Directory.Build.targets = Directory.Build.targets
		Paths.user = Paths.user
	EndProjectSection
EndProject
Global
	GlobalSection(SolutionConfigurationPlatforms) = preSolution
		Debug|Any CPU = Debug|Any CPU
		Release|Any CPU = Release|Any CPU
	EndGlobalSection
	GlobalSection(ProjectConfigurationPlatforms) = postSolution
		{D119FC6E-6755-45AD-8FE3-403CC07983D8}.Debug|Any CPU.ActiveCfg = Debug|Any CPU
		{D119FC6E-6755-45AD-8FE3-403CC07983D8}.Debug|Any CPU.Build.0 = Debug|Any CPU
		{D119FC6E-6755-45AD-8FE3-403CC07983D8}.Release|Any CPU.ActiveCfg = Release|Any CPU
		{D119FC6E-6755-45AD-8FE3-403CC07983D8}.Release|Any CPU.Build.0 = Release|Any CPU
	EndGlobalSection
	GlobalSection(SolutionProperties) = preSolution
		HideSolutionNode = FALSE
	EndGlobalSection
	GlobalSection(ExtensibilityGlobals) = postSolution
		SolutionGuid = {99C2343B-EE04-4297-87F1-BAC7132F2934}
	EndGlobalSection
EndGlobal
